
Microsoft Visual Studio Solution File, Format Version 12.00
# Visual Studio Version 17
VisualStudioVersion = 17.5.33516.290
MinimumVisualStudioVersion = 10.0.40219.1
Project("{FAE04EC0-301F-11D3-BF4B-00C04F79EFBC}") = "ContactManager.Web", "ContactManager\ContactManager.Web.csproj", "{1F0186DE-D0E8-4B5F-94E4-4FA7049DF9F8}"
EndProject
Project("{FAE04EC0-301F-11D3-BF4B-00C04F79EFBC}") = "ContactManager.Data", "ContactManager.Data\ContactManager.Data.csproj", "{3BED9563-CAB3-4A51-ABB3-4C78762904D0}"
EndProject
Global
	GlobalSection(SolutionConfigurationPlatforms) = preSolution
		Debug|Any CPU = Debug|Any CPU
		Release|Any CPU = Release|Any CPU
	EndGlobalSection
	GlobalSection(ProjectConfigurationPlatforms) = postSolution
		{1F0186DE-D0E8-4B5F-94E4-4FA7049DF9F8}.Debug|Any CPU.ActiveCfg = Debug|Any CPU
		{1F0186DE-D0E8-4B5F-94E4-4FA7049DF9F8}.Debug|Any CPU.Build.0 = Debug|Any CPU
		{1F0186DE-D0E8-4B5F-94E4-4FA7049DF9F8}.Release|Any CPU.ActiveCfg = Release|Any CPU
		{1F0186DE-D0E8-4B5F-94E4-4FA7049DF9F8}.Release|Any CPU.Build.0 = Release|Any CPU
		{3BED9563-CAB3-4A51-ABB3-4C78762904D0}.Debug|Any CPU.ActiveCfg = Debug|Any CPU
		{3BED9563-CAB3-4A51-ABB3-4C78762904D0}.Debug|Any CPU.Build.0 = Debug|Any CPU
		{3BED9563-CAB3-4A51-ABB3-4C78762904D0}.Release|Any CPU.ActiveCfg = Release|Any CPU
		{3BED9563-CAB3-4A51-ABB3-4C78762904D0}.Release|Any CPU.Build.0 = Release|Any CPU
	EndGlobalSection
	GlobalSection(SolutionProperties) = preSolution
		HideSolutionNode = FALSE
	EndGlobalSection
	GlobalSection(ExtensibilityGlobals) = postSolution
		SolutionGuid = {6923222F-9719-4680-8107-AD0EFC7FE880}
	EndGlobalSection
EndGlobal
